
Microsoft Visual Studio Solution File, Format Version 12.00
# Visual Studio 15
VisualStudioVersion = 15.0.28307.106
MinimumVisualStudioVersion = 10.0.40219.1
Project("{8BC9CEB8-8B4A-11D0-8D11-00A0C91BC942}") = "Cerializer", "Cerializer\Cerializer.vcxproj", "{EB925C7F-29DD-461C-A3BB-98C42D68FEB1}"
EndProject
Project("{8BC9CEB8-8B4A-11D0-8D11-00A0C91BC942}") = "CerializerTests", "CerializerTests\CerializerTests.vcxproj", "{E0B550E8-F275-46DA-839A-9AE1A721941D}"
EndProject
Global
	GlobalSection(SolutionConfigurationPlatforms) = preSolution
		Debug|x64 = Debug|x64
		Debug|x86 = Debug|x86
		Release|x64 = Release|x64
		Release|x86 = Release|x86
	EndGlobalSection
	GlobalSection(ProjectConfigurationPlatforms) = postSolution
		{EB925C7F-29DD-461C-A3BB-98C42D68FEB1}.Debug|x64.ActiveCfg = Debug|x64
		{EB925C7F-29DD-461C-A3BB-98C42D68FEB1}.Debug|x64.Build.0 = Debug|x64
		{EB925C7F-29DD-461C-A3BB-98C42D68FEB1}.Debug|x86.ActiveCfg = Debug|Win32
		{EB925C7F-29DD-461C-A3BB-98C42D68FEB1}.Debug|x86.Build.0 = Debug|Win32
		{EB925C7F-29DD-461C-A3BB-98C42D68FEB1}.Release|x64.ActiveCfg = Release|x64
		{EB925C7F-29DD-461C-A3BB-98C42D68FEB1}.Release|x64.Build.0 = Release|x64
		{EB925C7F-29DD-461C-A3BB-98C42D68FEB1}.Release|x86.ActiveCfg = Release|Win32
		{EB925C7F-29DD-461C-A3BB-98C42D68FEB1}.Release|x86.Build.0 = Release|Win32
		{E0B550E8-F275-46DA-839A-9AE1A721941D}.Debug|x64.ActiveCfg = Debug|x64
		{E0B550E8-F275-46DA-839A-9AE1A721941D}.Debug|x64.Build.0 = Debug|x64
		{E0B550E8-F275-46DA-839A-9AE1A721941D}.Debug|x86.ActiveCfg = Debug|Win32
		{E0B550E8-F275-46DA-839A-9AE1A721941D}.Debug|x86.Build.0 = Debug|Win32
		{E0B550E8-F275-46DA-839A-9AE1A721941D}.Release|x64.ActiveCfg = Release|x64
		{E0B550E8-F275-46DA-839A-9AE1A721941D}.Release|x64.Build.0 = Release|x64
		{E0B550E8-F275-46DA-839A-9AE1A721941D}.Release|x86.ActiveCfg = Release|Win32
		{E0B550E8-F275-46DA-839A-9AE1A721941D}.Release|x86.Build.0 = Release|Win32
	EndGlobalSection
	GlobalSection(SolutionProperties) = preSolution
		HideSolutionNode = FALSE
	EndGlobalSection
	GlobalSection(ExtensibilityGlobals) = postSolution
		SolutionGuid = {4623F1F4-5763-481C-A492-9AF0D42DED12}
	EndGlobalSection
EndGlobal
